
Microsoft Visual Studio Solution File, Format Version 12.00
# Visual Studio Version 17
VisualStudioVersion = 17.0.31903.59
MinimumVisualStudioVersion = 10.0.40219.1
Project("{FAE04EC0-301F-11D3-BF4B-00C04F79EFBC}") = "Domain", "Domain\Domain.csproj", "{BE6D72AF-D240-4D97-84B0-F6D9AA590367}"
EndProject
Project("{FAE04EC0-301F-11D3-BF4B-00C04F79EFBC}") = "Application", "Application\Application.csproj", "{3BC7EBAC-4EFB-4F6F-9E4F-A60B4C69C7E8}"
EndProject
Project("{FAE04EC0-301F-11D3-BF4B-00C04F79EFBC}") = "Infrastructure", "Infrastructure\Infrastructure.csproj", "{1801C23B-C3F5-4696-9816-CFBE079FE6F8}"
EndProject
Project("{FAE04EC0-301F-11D3-BF4B-00C04F79EFBC}") = "WebAPI", "WebAPI\WebAPI.csproj", "{985D9D3C-FBC5-4AD9-8EFA-8D00DAD87614}"
EndProject
Project("{FAE04EC0-301F-11D3-BF4B-00C04F79EFBC}") = "UI", "UI\UI.csproj", "{33FD884E-A0A7-44F1-86CB-B6ED82C123CA}"
EndProject
Global
	GlobalSection(SolutionConfigurationPlatforms) = preSolution
		Debug|Any CPU = Debug|Any CPU
		Release|Any CPU = Release|Any CPU
	EndGlobalSection
	GlobalSection(ProjectConfigurationPlatforms) = postSolution
		{BE6D72AF-D240-4D97-84B0-F6D9AA590367}.Debug|Any CPU.ActiveCfg = Debug|Any CPU
		{BE6D72AF-D240-4D97-84B0-F6D9AA590367}.Debug|Any CPU.Build.0 = Debug|Any CPU
		{BE6D72AF-D240-4D97-84B0-F6D9AA590367}.Release|Any CPU.ActiveCfg = Release|Any CPU
		{BE6D72AF-D240-4D97-84B0-F6D9AA590367}.Release|Any CPU.Build.0 = Release|Any CPU
		{3BC7EBAC-4EFB-4F6F-9E4F-A60B4C69C7E8}.Debug|Any CPU.ActiveCfg = Debug|Any CPU
		{3BC7EBAC-4EFB-4F6F-9E4F-A60B4C69C7E8}.Debug|Any CPU.Build.0 = Debug|Any CPU
		{3BC7EBAC-4EFB-4F6F-9E4F-A60B4C69C7E8}.Release|Any CPU.ActiveCfg = Release|Any CPU
		{3BC7EBAC-4EFB-4F6F-9E4F-A60B4C69C7E8}.Release|Any CPU.Build.0 = Release|Any CPU
		{1801C23B-C3F5-4696-9816-CFBE079FE6F8}.Debug|Any CPU.ActiveCfg = Debug|Any CPU
		{1801C23B-C3F5-4696-9816-CFBE079FE6F8}.Debug|Any CPU.Build.0 = Debug|Any CPU
		{1801C23B-C3F5-4696-9816-CFBE079FE6F8}.Release|Any CPU.ActiveCfg = Release|Any CPU
		{1801C23B-C3F5-4696-9816-CFBE079FE6F8}.Release|Any CPU.Build.0 = Release|Any CPU
		{985D9D3C-FBC5-4AD9-8EFA-8D00DAD87614}.Debug|Any CPU.ActiveCfg = Debug|Any CPU
		{985D9D3C-FBC5-4AD9-8EFA-8D00DAD87614}.Debug|Any CPU.Build.0 = Debug|Any CPU
		{985D9D3C-FBC5-4AD9-8EFA-8D00DAD87614}.Release|Any CPU.ActiveCfg = Release|Any CPU
		{985D9D3C-FBC5-4AD9-8EFA-8D00DAD87614}.Release|Any CPU.Build.0 = Release|Any CPU
		{33FD884E-A0A7-44F1-86CB-B6ED82C123CA}.Debug|Any CPU.ActiveCfg = Debug|Any CPU
		{33FD884E-A0A7-44F1-86CB-B6ED82C123CA}.Debug|Any CPU.Build.0 = Debug|Any CPU
		{33FD884E-A0A7-44F1-86CB-B6ED82C123CA}.Release|Any CPU.ActiveCfg = Release|Any CPU
		{33FD884E-A0A7-44F1-86CB-B6ED82C123CA}.Release|Any CPU.Build.0 = Release|Any CPU
	EndGlobalSection
	GlobalSection(SolutionProperties) = preSolution
		HideSolutionNode = FALSE
	EndGlobalSection
EndGlobal
